// !$*UTF8*$!
{
	archiveVersion = 1;
	classes = {
	};
	objectVersion = 46;
	objects = {

/* Begin PBXBuildFile section */
		79E3C62A199A043C0035AE1A /* Foundation.framework in Frameworks */ = {isa = PBXBuildFile; fileRef = 79E3C629199A043C0035AE1A /* Foundation.framework */; };
		79E3C62C199A043C0035AE1A /* CoreGraphics.framework in Frameworks */ = {isa = PBXBuildFile; fileRef = 79E3C62B199A043C0035AE1A /* CoreGraphics.framework */; };
		79E3C62E199A043C0035AE1A /* UIKit.framework in Frameworks */ = {isa = PBXBuildFile; fileRef = 79E3C62D199A043C0035AE1A /* UIKit.framework */; };
		79E3C630199A043C0035AE1A /* SpriteKit.framework in Frameworks */ = {isa = PBXBuildFile; fileRef = 79E3C62F199A043C0035AE1A /* SpriteKit.framework */; };
		79E3C636199A043C0035AE1A /* InfoPlist.strings in Resources */ = {isa = PBXBuildFile; fileRef = 79E3C634199A043C0035AE1A /* InfoPlist.strings */; };
		79E3C638199A043C0035AE1A /* main.m in Sources */ = {isa = PBXBuildFile; fileRef = 79E3C637199A043C0035AE1A /* main.m */; };
		79E3C63C199A043C0035AE1A /* AppDelegate.m in Sources */ = {isa = PBXBuildFile; fileRef = 79E3C63B199A043C0035AE1A /* AppDelegate.m */; };
		79E3C63F199A043C0035AE1A /* Main_iPhone.storyboard in Resources */ = {isa = PBXBuildFile; fileRef = 79E3C63D199A043C0035AE1A /* Main_iPhone.storyboard */; };
		79E3C642199A043C0035AE1A /* Main_iPad.storyboard in Resources */ = {isa = PBXBuildFile; fileRef = 79E3C640199A043C0035AE1A /* Main_iPad.storyboard */; };
		79E3C645199A043C0035AE1A /* ViewController.m in Sources */ = {isa = PBXBuildFile; fileRef = 79E3C644199A043C0035AE1A /* ViewController.m */; };
		79E3C648199A043C0035AE1A /* MyScene.m in Sources */ = {isa = PBXBuildFile; fileRef = 79E3C647199A043C0035AE1A /* MyScene.m */; };
		79E3C64C199A043D0035AE1A /* Images.xcassets in Resources */ = {isa = PBXBuildFile; fileRef = 79E3C64B199A043D0035AE1A /* Images.xcassets */; };
		79E3C653199A043D0035AE1A /* XCTest.framework in Frameworks */ = {isa = PBXBuildFile; fileRef = 79E3C652199A043D0035AE1A /* XCTest.framework */; };
		79E3C654199A043D0035AE1A /* Foundation.framework in Frameworks */ = {isa = PBXBuildFile; fileRef = 79E3C629199A043C0035AE1A /* Foundation.framework */; };
		79E3C655199A043D0035AE1A /* UIKit.framework in Frameworks */ = {isa = PBXBuildFile; fileRef = 79E3C62D199A043C0035AE1A /* UIKit.framework */; };
		79E3C65D199A043D0035AE1A /* InfoPlist.strings in Resources */ = {isa = PBXBuildFile; fileRef = 79E3C65B199A043D0035AE1A /* InfoPlist.strings */; };
		79E3C65F199A043D0035AE1A /* Ping_Pong_5Tests.m in Sources */ = {isa = PBXBuildFile; fileRef = 79E3C65E199A043D0035AE1A /* Ping_Pong_5Tests.m */; };
		79E3C66A199A05520035AE1A /* harp.mp3 in Resources */ = {isa = PBXBuildFile; fileRef = 79E3C668199A05520035AE1A /* harp.mp3 */; };
		79E3C66B199A05520035AE1A /* hit.mp3 in Resources */ = {isa = PBXBuildFile; fileRef = 79E3C669199A05520035AE1A /* hit.mp3 */; };
/* End PBXBuildFile section */

/* Begin PBXContainerItemProxy section */
		79E3C656199A043D0035AE1A /* PBXContainerItemProxy */ = {
			isa = PBXContainerItemProxy;
			containerPortal = 79E3C61E199A043C0035AE1A /* Project object */;
			proxyType = 1;
			remoteGlobalIDString = 79E3C625199A043C0035AE1A;
			remoteInfo = "Ping Pong 5";
		};
/* End PBXContainerItemProxy section */

/* Begin PBXFileReference section */
		79E3C626199A043C0035AE1A /* Ping Pong 5.app */ = {isa = PBXFileReference; explicitFileType = wrapper.application; includeInIndex = 0; path = "Ping Pong 5.app"; sourceTree = BUILT_PRODUCTS_DIR; };
		79E3C629199A043C0035AE1A /* Foundation.framework */ = {isa = PBXFileReference; lastKnownFileType = wrapper.framework; name = Foundation.framework; path = System/Library/Frameworks/Foundation.framework; sourceTree = SDKROOT; };
		79E3C62B199A043C0035AE1A /* CoreGraphics.framework */ = {isa = PBXFileReference; lastKnownFileType = wrapper.framework; name = CoreGraphics.framework; path = System/Library/Frameworks/CoreGraphics.framework; sourceTree = SDKROOT; };
		79E3C62D199A043C0035AE1A /* UIKit.framework */ = {isa = PBXFileReference; lastKnownFileType = wrapper.framework; name = UIKit.framework; path = System/Library/Frameworks/UIKit.framework; sourceTree = SDKROOT; };
		79E3C62F199A043C0035AE1A /* SpriteKit.framework */ = {isa = PBXFileReference; lastKnownFileType = wrapper.framework; name = SpriteKit.framework; path = System/Library/Frameworks/SpriteKit.framework; sourceTree = SDKROOT; };
		79E3C633199A043C0035AE1A /* Ping Pong 5-Info.plist */ = {isa = PBXFileReference; lastKnownFileType = text.plist.xml; path = "Ping Pong 5-Info.plist"; sourceTree = "<group>"; };
		79E3C635199A043C0035AE1A /* en */ = {isa = PBXFileReference; lastKnownFileType = text.plist.strings; name = en; path = en.lproj/InfoPlist.strings; sourceTree = "<group>"; };
		79E3C637199A043C0035AE1A /* main.m */ = {isa = PBXFileReference; lastKnownFileType = sourcecode.c.objc; path = main.m; sourceTree = "<group>"; };
		79E3C639199A043C0035AE1A /* Ping Pong 5-Prefix.pch */ = {isa = PBXFileReference; lastKnownFileType = sourcecode.c.h; path = "Ping Pong 5-Prefix.pch"; sourceTree = "<group>"; };
		79E3C63A199A043C0035AE1A /* AppDelegate.h */ = {isa = PBXFileReference; lastKnownFileType = sourcecode.c.h; path = AppDelegate.h; sourceTree = "<group>"; };
		79E3C63B199A043C0035AE1A /* AppDelegate.m */ = {isa = PBXFileReference; lastKnownFileType = sourcecode.c.objc; path = AppDelegate.m; sourceTree = "<group>"; };
		79E3C63E199A043C0035AE1A /* Base */ = {isa = PBXFileReference; lastKnownFileType = file.storyboard; name = Base; path = Base.lproj/Main_iPhone.storyboard; sourceTree = "<group>"; };
		79E3C641199A043C0035AE1A /* Base */ = {isa = PBXFileReference; lastKnownFileType = file.storyboard; name = Base; path = Base.lproj/Main_iPad.storyboard; sourceTree = "<group>"; };
		79E3C643199A043C0035AE1A /* ViewController.h */ = {isa = PBXFileReference; lastKnownFileType = sourcecode.c.h; path = ViewController.h; sourceTree = "<group>"; };
		79E3C644199A043C0035AE1A /* ViewController.m */ = {isa = PBXFileReference; lastKnownFileType = sourcecode.c.objc; path = ViewController.m; sourceTree = "<group>"; };
		79E3C646199A043C0035AE1A /* MyScene.h */ = {isa = PBXFileReference; lastKnownFileType = sourcecode.c.h; path = MyScene.h; sourceTree = "<group>"; };
		79E3C647199A043C0035AE1A /* MyScene.m */ = {isa = PBXFileReference; lastKnownFileType = sourcecode.c.objc; path = MyScene.m; sourceTree = "<group>"; };
		79E3C64B199A043D0035AE1A /* Images.xcassets */ = {isa = PBXFileReference; lastKnownFileType = folder.assetcatalog; path = Images.xcassets; sourceTree = "<group>"; };
		79E3C651199A043D0035AE1A /* Ping Pong 5Tests.xctest */ = {isa = PBXFileReference; explicitFileType = wrapper.cfbundle; includeInIndex = 0; path = "Ping Pong 5Tests.xctest"; sourceTree = BUILT_PRODUCTS_DIR; };
		79E3C652199A043D0035AE1A /* XCTest.framework */ = {isa = PBXFileReference; lastKnownFileType = wrapper.framework; name = XCTest.framework; path = Library/Frameworks/XCTest.framework; sourceTree = DEVELOPER_DIR; };
		79E3C65A199A043D0035AE1A /* Ping Pong 5Tests-Info.plist */ = {isa = PBXFileReference; lastKnownFileType = text.plist.xml; path = "Ping Pong 5Tests-Info.plist"; sourceTree = "<group>"; };
		79E3C65C199A043D0035AE1A /* en */ = {isa = PBXFileReference; lastKnownFileType = text.plist.strings; name = en; path = en.lproj/InfoPlist.strings; sourceTree = "<group>"; };
		79E3C65E199A043D0035AE1A /* Ping_Pong_5Tests.m */ = {isa = PBXFileReference; lastKnownFileType = sourcecode.c.objc; path = Ping_Pong_5Tests.m; sourceTree = "<group>"; };
		79E3C668199A05520035AE1A /* harp.mp3 */ = {isa = PBXFileReference; lastKnownFileType = audio.mp3; path = harp.mp3; sourceTree = "<group>"; };
		79E3C669199A05520035AE1A /* hit.mp3 */ = {isa = PBXFileReference; lastKnownFileType = audio.mp3; path = hit.mp3; sourceTree = "<group>"; };
/* End PBXFileReference section */

/* Begin PBXFrameworksBuildPhase section */
		79E3C623199A043C0035AE1A /* Frameworks */ = {
			isa = PBXFrameworksBuildPhase;
			buildActionMask = 2147483647;
			files = (
				79E3C62C199A043C0035AE1A /* CoreGraphics.framework in Frameworks */,
				79E3C62E199A043C0035AE1A /* UIKit.framework in Frameworks */,
				79E3C630199A043C0035AE1A /* SpriteKit.framework in Frameworks */,
				79E3C62A199A043C0035AE1A /* Foundation.framework in Frameworks */,
			);
			runOnlyForDeploymentPostprocessing = 0;
		};
		79E3C64E199A043D0035AE1A /* Frameworks */ = {
			isa = PBXFrameworksBuildPhase;
			buildActionMask = 2147483647;
			files = (
				79E3C653199A043D0035AE1A /* XCTest.framework in Frameworks */,
				79E3C655199A043D0035AE1A /* UIKit.framework in Frameworks */,
				79E3C654199A043D0035AE1A /* Foundation.framework in Frameworks */,
			);
			runOnlyForDeploymentPostprocessing = 0;
		};
/* End PBXFrameworksBuildPhase section */

/* Begin PBXGroup section */
		79E3C61D199A043C0035AE1A = {
			isa = PBXGroup;
			children = (
				79E3C631199A043C0035AE1A /* Ping Pong 5 */,
				79E3C658199A043D0035AE1A /* Ping Pong 5Tests */,
				79E3C628199A043C0035AE1A /* Frameworks */,
				79E3C627199A043C0035AE1A /* Products */,
			);
			sourceTree = "<group>";
		};
		79E3C627199A043C0035AE1A /* Products */ = {
			isa = PBXGroup;
			children = (
				79E3C626199A043C0035AE1A /* Ping Pong 5.app */,
				79E3C651199A043D0035AE1A /* Ping Pong 5Tests.xctest */,
			);
			name = Products;
			sourceTree = "<group>";
		};
		79E3C628199A043C0035AE1A /* Frameworks */ = {
			isa = PBXGroup;
			children = (
				79E3C629199A043C0035AE1A /* Foundation.framework */,
				79E3C62B199A043C0035AE1A /* CoreGraphics.framework */,
				79E3C62D199A043C0035AE1A /* UIKit.framework */,
				79E3C62F199A043C0035AE1A /* SpriteKit.framework */,
				79E3C652199A043D0035AE1A /* XCTest.framework */,
			);
			name = Frameworks;
			sourceTree = "<group>";
		};
		79E3C631199A043C0035AE1A /* Ping Pong 5 */ = {
			isa = PBXGroup;
			children = (
				79E3C63A199A043C0035AE1A /* AppDelegate.h */,
				79E3C63B199A043C0035AE1A /* AppDelegate.m */,
				79E3C63D199A043C0035AE1A /* Main_iPhone.storyboard */,
				79E3C640199A043C0035AE1A /* Main_iPad.storyboard */,
				79E3C643199A043C0035AE1A /* ViewController.h */,
				79E3C644199A043C0035AE1A /* ViewController.m */,
				79E3C646199A043C0035AE1A /* MyScene.h */,
				79E3C647199A043C0035AE1A /* MyScene.m */,
				79E3C64B199A043D0035AE1A /* Images.xcassets */,
				79E3C632199A043C0035AE1A /* Supporting Files */,
			);
			path = "Ping Pong 5";
			sourceTree = "<group>";
		};
		79E3C632199A043C0035AE1A /* Supporting Files */ = {
			isa = PBXGroup;
			children = (
				79E3C668199A05520035AE1A /* harp.mp3 */,
				79E3C669199A05520035AE1A /* hit.mp3 */,
				79E3C633199A043C0035AE1A /* Ping Pong 5-Info.plist */,
				79E3C634199A043C0035AE1A /* InfoPlist.strings */,
				79E3C637199A043C0035AE1A /* main.m */,
				79E3C639199A043C0035AE1A /* Ping Pong 5-Prefix.pch */,
			);
			name = "Supporting Files";
			sourceTree = "<group>";
		};
		79E3C658199A043D0035AE1A /* Ping Pong 5Tests */ = {
			isa = PBXGroup;
			children = (
				79E3C65E199A043D0035AE1A /* Ping_Pong_5Tests.m */,
				79E3C659199A043D0035AE1A /* Supporting Files */,
			);
			path = "Ping Pong 5Tests";
			sourceTree = "<group>";
		};
		79E3C659199A043D0035AE1A /* Supporting Files */ = {
			isa = PBXGroup;
			children = (
				79E3C65A199A043D0035AE1A /* Ping Pong 5Tests-Info.plist */,
				79E3C65B199A043D0035AE1A /* InfoPlist.strings */,
			);
			name = "Supporting Files";
			sourceTree = "<group>";
		};
/* End PBXGroup section */

/* Begin PBXNativeTarget section */
		79E3C625199A043C0035AE1A /* Ping Pong 5 */ = {
			isa = PBXNativeTarget;
			buildConfigurationList = 79E3C662199A043D0035AE1A /* Build configuration list for PBXNativeTarget "Ping Pong 5" */;
			buildPhases = (
				79E3C622199A043C0035AE1A /* Sources */,
				79E3C623199A043C0035AE1A /* Frameworks */,
				79E3C624199A043C0035AE1A /* Resources */,
			);
			buildRules = (
			);
			dependencies = (
			);
			name = "Ping Pong 5";
			productName = "Ping Pong 5";
			productReference = 79E3C626199A043C0035AE1A /* Ping Pong 5.app */;
			productType = "com.apple.product-type.application";
		};
		79E3C650199A043D0035AE1A /* Ping Pong 5Tests */ = {
			isa = PBXNativeTarget;
			buildConfigurationList = 79E3C665199A043D0035AE1A /* Build configuration list for PBXNativeTarget "Ping Pong 5Tests" */;
			buildPhases = (
				79E3C64D199A043D0035AE1A /* Sources */,
				79E3C64E199A043D0035AE1A /* Frameworks */,
				79E3C64F199A043D0035AE1A /* Resources */,
			);
			buildRules = (
			);
			dependencies = (
				79E3C657199A043D0035AE1A /* PBXTargetDependency */,
			);
			name = "Ping Pong 5Tests";
			productName = "Ping Pong 5Tests";
			productReference = 79E3C651199A043D0035AE1A /* Ping Pong 5Tests.xctest */;
			productType = "com.apple.product-type.bundle.unit-test";
		};
/* End PBXNativeTarget section */

/* Begin PBXProject section */
		79E3C61E199A043C0035AE1A /* Project object */ = {
			isa = PBXProject;
			attributes = {
				LastUpgradeCheck = 0510;
				ORGANIZATIONNAME = "Alexandru Rosianu";
				TargetAttributes = {
					79E3C650199A043D0035AE1A = {
						TestTargetID = 79E3C625199A043C0035AE1A;
					};
				};
			};
			buildConfigurationList = 79E3C621199A043C0035AE1A /* Build configuration list for PBXProject "Ping Pong 5" */;
			compatibilityVersion = "Xcode 3.2";
			developmentRegion = English;
			hasScannedForEncodings = 0;
			knownRegions = (
				en,
				Base,
			);
			mainGroup = 79E3C61D199A043C0035AE1A;
			productRefGroup = 79E3C627199A043C0035AE1A /* Products */;
			projectDirPath = "";
			projectRoot = "";
			targets = (
				79E3C625199A043C0035AE1A /* Ping Pong 5 */,
				79E3C650199A043D0035AE1A /* Ping Pong 5Tests */,
			);
		};
/* End PBXProject section */

/* Begin PBXResourcesBuildPhase section */
		79E3C624199A043C0035AE1A /* Resources */ = {
			isa = PBXResourcesBuildPhase;
			buildActionMask = 2147483647;
			files = (
				79E3C66B199A05520035AE1A /* hit.mp3 in Resources */,
				79E3C64C199A043D0035AE1A /* Images.xcassets in Resources */,
				79E3C642199A043C0035AE1A /* Main_iPad.storyboard in Resources */,
				79E3C63F199A043C0035AE1A /* Main_iPhone.storyboard in Resources */,
				79E3C636199A043C0035AE1A /* InfoPlist.strings in Resources */,
				79E3C66A199A05520035AE1A /* harp.mp3 in Resources */,
			);
			runOnlyForDeploymentPostprocessing = 0;
		};
		79E3C64F199A043D0035AE1A /* Resources */ = {
			isa = PBXResourcesBuildPhase;
			buildActionMask = 2147483647;
			files = (
				79E3C65D199A043D0035AE1A /* InfoPlist.strings in Resources */,
			);
			runOnlyForDeploymentPostprocessing = 0;
		};
/* End PBXResourcesBuildPhase section */

/* Begin PBXSourcesBuildPhase section */
		79E3C622199A043C0035AE1A /* Sources */ = {
			isa = PBXSourcesBuildPhase;
			buildActionMask = 2147483647;
			files = (
				79E3C648199A043C0035AE1A /* MyScene.m in Sources */,
				79E3C645199A043C0035AE1A /* ViewController.m in Sources */,
				79E3C63C199A043C0035AE1A /* AppDelegate.m in Sources */,
				79E3C638199A043C0035AE1A /* main.m in Sources */,
			);
			runOnlyForDeploymentPostprocessing = 0;
		};
		79E3C64D199A043D0035AE1A /* Sources */ = {
			isa = PBXSourcesBuildPhase;
			buildActionMask = 2147483647;
			files = (
				79E3C65F199A043D0035AE1A /* Ping_Pong_5Tests.m in Sources */,
			);
			runOnlyForDeploymentPostprocessing = 0;
		};
/* End PBXSourcesBuildPhase section */

/* Begin PBXTargetDependency section */
		79E3C657199A043D0035AE1A /* PBXTargetDependency */ = {
			isa = PBXTargetDependency;
			target = 79E3C625199A043C0035AE1A /* Ping Pong 5 */;
			targetProxy = 79E3C656199A043D0035AE1A /* PBXContainerItemProxy */;
		};
/* End PBXTargetDependency section */

/* Begin PBXVariantGroup section */
		79E3C634199A043C0035AE1A /* InfoPlist.strings */ = {
			isa = PBXVariantGroup;
			children = (
				79E3C635199A043C0035AE1A /* en */,
			);
			name = InfoPlist.strings;
			sourceTree = "<group>";
		};
		79E3C63D199A043C0035AE1A /* Main_iPhone.storyboard */ = {
			isa = PBXVariantGroup;
			children = (
				79E3C63E199A043C0035AE1A /* Base */,
			);
			name = Main_iPhone.storyboard;
			sourceTree = "<group>";
		};
		79E3C640199A043C0035AE1A /* Main_iPad.storyboard */ = {
			isa = PBXVariantGroup;
			children = (
				79E3C641199A043C0035AE1A /* Base */,
			);
			name = Main_iPad.storyboard;
			sourceTree = "<group>";
		};
		79E3C65B199A043D0035AE1A /* InfoPlist.strings */ = {
			isa = PBXVariantGroup;
			children = (
				79E3C65C199A043D0035AE1A /* en */,
			);
			name = InfoPlist.strings;
			sourceTree = "<group>";
		};
/* End PBXVariantGroup section */

/* Begin XCBuildConfiguration section */
		79E3C660199A043D0035AE1A /* Debug */ = {
			isa = XCBuildConfiguration;
			buildSettings = {
				ALWAYS_SEARCH_USER_PATHS = NO;
				CLANG_CXX_LANGUAGE_STANDARD = "gnu++0x";
				CLANG_CXX_LIBRARY = "libc++";
				CLANG_ENABLE_MODULES = YES;
				CLANG_ENABLE_OBJC_ARC = YES;
				CLANG_WARN_BOOL_CONVERSION = YES;
				CLANG_WARN_CONSTANT_CONVERSION = YES;
				CLANG_WARN_DIRECT_OBJC_ISA_USAGE = YES_ERROR;
				CLANG_WARN_EMPTY_BODY = YES;
				CLANG_WARN_ENUM_CONVERSION = YES;
				CLANG_WARN_INT_CONVERSION = YES;
				CLANG_WARN_OBJC_ROOT_CLASS = YES_ERROR;
				CLANG_WARN__DUPLICATE_METHOD_MATCH = YES;
				"CODE_SIGN_IDENTITY[sdk=iphoneos*]" = "iPhone Developer";
				COPY_PHASE_STRIP = NO;
				GCC_C_LANGUAGE_STANDARD = gnu99;
				GCC_DYNAMIC_NO_PIC = NO;
				GCC_OPTIMIZATION_LEVEL = 0;
				GCC_PREPROCESSOR_DEFINITIONS = (
					"DEBUG=1",
					"$(inherited)",
				);
				GCC_SYMBOLS_PRIVATE_EXTERN = NO;
				GCC_WARN_64_TO_32_BIT_CONVERSION = YES;
				GCC_WARN_ABOUT_RETURN_TYPE = YES_ERROR;
				GCC_WARN_UNDECLARED_SELECTOR = YES;
				GCC_WARN_UNINITIALIZED_AUTOS = YES_AGGRESSIVE;
				GCC_WARN_UNUSED_FUNCTION = YES;
				GCC_WARN_UNUSED_VARIABLE = YES;
				IPHONEOS_DEPLOYMENT_TARGET = 7.1;
				ONLY_ACTIVE_ARCH = YES;
				SDKROOT = iphoneos;
				TARGETED_DEVICE_FAMILY = "1,2";
			};
			name = Debug;
		};
		79E3C661199A043D0035AE1A /* Release */ = {
			isa = XCBuildConfiguration;
			buildSettings = {
				ALWAYS_SEARCH_USER_PATHS = NO;
				CLANG_CXX_LANGUAGE_STANDARD = "gnu++0x";
				CLANG_CXX_LIBRARY = "libc++";
				CLANG_ENABLE_MODULES = YES;
				CLANG_ENABLE_OBJC_ARC = YES;
				CLANG_WARN_BOOL_CONVERSION = YES;
				CLANG_WARN_CONSTANT_CONVERSION = YES;
				CLANG_WARN_DIRECT_OBJC_ISA_USAGE = YES_ERROR;
				CLANG_WARN_EMPTY_BODY = YES;
				CLANG_WARN_ENUM_CONVERSION = YES;
				CLANG_WARN_INT_CONVERSION = YES;
				CLANG_WARN_OBJC_ROOT_CLASS = YES_ERROR;
				CLANG_WARN__DUPLICATE_METHOD_MATCH = YES;
				"CODE_SIGN_IDENTITY[sdk=iphoneos*]" = "iPhone Developer";
				COPY_PHASE_STRIP = YES;
				ENABLE_NS_ASSERTIONS = NO;
				GCC_C_LANGUAGE_STANDARD = gnu99;
				GCC_WARN_64_TO_32_BIT_CONVERSION = YES;
				GCC_WARN_ABOUT_RETURN_TYPE = YES_ERROR;
				GCC_WARN_UNDECLARED_SELECTOR = YES;
				GCC_WARN_UNINITIALIZED_AUTOS = YES_AGGRESSIVE;
				GCC_WARN_UNUSED_FUNCTION = YES;
				GCC_WARN_UNUSED_VARIABLE = YES;
				IPHONEOS_DEPLOYMENT_TARGET = 7.1;
				SDKROOT = iphoneos;
				TARGETED_DEVICE_FAMILY = "1,2";
				VALIDATE_PRODUCT = YES;
			};
			name = Release;
		};
		79E3C663199A043D0035AE1A /* Debug */ = {
			isa = XCBuildConfiguration;
			buildSettings = {
				ASSETCATALOG_COMPILER_APPICON_NAME = AppIcon;
				ASSETCATALOG_COMPILER_LAUNCHIMAGE_NAME = LaunchImage;
				GCC_PRECOMPILE_PREFIX_HEADER = YES;
				GCC_PREFIX_HEADER = "Ping Pong 5/Ping Pong 5-Prefix.pch";
				INFOPLIST_FILE = "Ping Pong 5/Ping Pong 5-Info.plist";
				PRODUCT_NAME = "$(TARGET_NAME)";
				SPRITEKIT_TEXTURE_ATLAS_OUTPUT = YES;
				TARGETED_DEVICE_FAMILY = "1,2";
				WRAPPER_EXTENSION = app;
			};
			name = Debug;
		};
		79E3C664199A043D0035AE1A /* Release */ = {
			isa = XCBuildConfiguration;
			buildSettings = {
				ASSETCATALOG_COMPILER_APPICON_NAME = AppIcon;
				ASSETCATALOG_COMPILER_LAUNCHIMAGE_NAME = LaunchImage;
				GCC_PRECOMPILE_PREFIX_HEADER = YES;
				GCC_PREFIX_HEADER = "Ping Pong 5/Ping Pong 5-Prefix.pch";
				INFOPLIST_FILE = "Ping Pong 5/Ping Pong 5-Info.plist";
				PRODUCT_NAME = "$(TARGET_NAME)";
				SPRITEKIT_TEXTURE_ATLAS_OUTPUT = YES;
				TARGETED_DEVICE_FAMILY = "1,2";
				WRAPPER_EXTENSION = app;
			};
			name = Release;
		};
		79E3C666199A043D0035AE1A /* Debug */ = {
			isa = XCBuildConfiguration;
			buildSettings = {
				BUNDLE_LOADER = "$(BUILT_PRODUCTS_DIR)/Ping Pong 5.app/Ping Pong 5";
				FRAMEWORK_SEARCH_PATHS = (
					"$(SDKROOT)/Developer/Library/Frameworks",
					"$(inherited)",
					"$(DEVELOPER_FRAMEWORKS_DIR)",
				);
				GCC_PRECOMPILE_PREFIX_HEADER = YES;
				GCC_PREFIX_HEADER = "Ping Pong 5/Ping Pong 5-Prefix.pch";
				GCC_PREPROCESSOR_DEFINITIONS = (
					"DEBUG=1",
					"$(inherited)",
				);
				INFOPLIST_FILE = "Ping Pong 5Tests/Ping Pong 5Tests-Info.plist";
				PRODUCT_NAME = "$(TARGET_NAME)";
				TEST_HOST = "$(BUNDLE_LOADER)";
				WRAPPER_EXTENSION = xctest;
			};
			name = Debug;
		};
		79E3C667199A043D0035AE1A /* Release */ = {
			isa = XCBuildConfiguration;
			buildSettings = {
				BUNDLE_LOADER = "$(BUILT_PRODUCTS_DIR)/Ping Pong 5.app/Ping Pong 5";
				FRAMEWORK_SEARCH_PATHS = (
					"$(SDKROOT)/Developer/Library/Frameworks",
					"$(inherited)",
					"$(DEVELOPER_FRAMEWORKS_DIR)",
				);
				GCC_PRECOMPILE_PREFIX_HEADER = YES;
				GCC_PREFIX_HEADER = "Ping Pong 5/Ping Pong 5-Prefix.pch";
				INFOPLIST_FILE = "Ping Pong 5Tests/Ping Pong 5Tests-Info.plist";
				PRODUCT_NAME = "$(TARGET_NAME)";
				TEST_HOST = "$(BUNDLE_LOADER)";
				WRAPPER_EXTENSION = xctest;
			};
			name = Release;
		};
/* End XCBuildConfiguration section */

/* Begin XCConfigurationList section */
		79E3C621199A043C0035AE1A /* Build configuration list for PBXProject "Ping Pong 5" */ = {
			isa = XCConfigurationList;
			buildConfigurations = (
				79E3C660199A043D0035AE1A /* Debug */,
				79E3C661199A043D0035AE1A /* Release */,
			);
			defaultConfigurationIsVisible = 0;
			defaultConfigurationName = Release;
		};
		79E3C662199A043D0035AE1A /* Build configuration list for PBXNativeTarget "Ping Pong 5" */ = {
			isa = XCConfigurationList;
			buildConfigurations = (
				79E3C663199A043D0035AE1A /* Debug */,
				79E3C664199A043D0035AE1A /* Release */,
			);
			defaultConfigurationIsVisible = 0;
			defaultConfigurationName = Release;
		};
		79E3C665199A043D0035AE1A /* Build configuration list for PBXNativeTarget "Ping Pong 5Tests" */ = {
			isa = XCConfigurationList;
			buildConfigurations = (
				79E3C666199A043D0035AE1A /* Debug */,
				79E3C667199A043D0035AE1A /* Release */,
			);
			defaultConfigurationIsVisible = 0;
			defaultConfigurationName = Release;
		};
/* End XCConfigurationList section */
	};
	rootObject = 79E3C61E199A043C0035AE1A /* Project object */;
}
